
Microsoft Visual Studio Solution File, Format Version 12.00
# Visual Studio Version 16
VisualStudioVersion = 16.0.30413.136
MinimumVisualStudioVersion = 10.0.40219.1
Project("{9A19103F-16F7-4668-BE54-9A1E7A4F7556}") = "WPF_FirstApplication", "WPF_FirstApplication\WPF_FirstApplication.csproj", "{5D105A38-8131-4FCE-8EBD-52D615B1409C}"
EndProject
Project("{9A19103F-16F7-4668-BE54-9A1E7A4F7556}") = "WPF_Class", "WPF_Class\WPF_Class.csproj", "{A4EF3907-335C-407E-9277-85B5D12809A9}"
EndProject
Project("{9A19103F-16F7-4668-BE54-9A1E7A4F7556}") = "WPFWebBrowser", "WPFWebBrowser\WPFWebBrowser.csproj", "{67823E61-D600-4AAD-9604-B21BAB9C0CC9}"
EndProject
Project("{FAE04EC0-301F-11D3-BF4B-00C04F79EFBC}") = "WpfJSON", "WpfJSON\WpfJSON.csproj", "{C0ADD317-4B7E-451A-9489-62359858F055}"
EndProject
Global
	GlobalSection(SolutionConfigurationPlatforms) = preSolution
		Debug|Any CPU = Debug|Any CPU
		Release|Any CPU = Release|Any CPU
	EndGlobalSection
	GlobalSection(ProjectConfigurationPlatforms) = postSolution
		{5D105A38-8131-4FCE-8EBD-52D615B1409C}.Debug|Any CPU.ActiveCfg = Debug|Any CPU
		{5D105A38-8131-4FCE-8EBD-52D615B1409C}.Debug|Any CPU.Build.0 = Debug|Any CPU
		{5D105A38-8131-4FCE-8EBD-52D615B1409C}.Release|Any CPU.ActiveCfg = Release|Any CPU
		{5D105A38-8131-4FCE-8EBD-52D615B1409C}.Release|Any CPU.Build.0 = Release|Any CPU
		{A4EF3907-335C-407E-9277-85B5D12809A9}.Debug|Any CPU.ActiveCfg = Debug|Any CPU
		{A4EF3907-335C-407E-9277-85B5D12809A9}.Debug|Any CPU.Build.0 = Debug|Any CPU
		{A4EF3907-335C-407E-9277-85B5D12809A9}.Release|Any CPU.ActiveCfg = Release|Any CPU
		{A4EF3907-335C-407E-9277-85B5D12809A9}.Release|Any CPU.Build.0 = Release|Any CPU
		{67823E61-D600-4AAD-9604-B21BAB9C0CC9}.Debug|Any CPU.ActiveCfg = Debug|Any CPU
		{67823E61-D600-4AAD-9604-B21BAB9C0CC9}.Debug|Any CPU.Build.0 = Debug|Any CPU
		{67823E61-D600-4AAD-9604-B21BAB9C0CC9}.Release|Any CPU.ActiveCfg = Release|Any CPU
		{67823E61-D600-4AAD-9604-B21BAB9C0CC9}.Release|Any CPU.Build.0 = Release|Any CPU
		{C0ADD317-4B7E-451A-9489-62359858F055}.Debug|Any CPU.ActiveCfg = Debug|Any CPU
		{C0ADD317-4B7E-451A-9489-62359858F055}.Debug|Any CPU.Build.0 = Debug|Any CPU
		{C0ADD317-4B7E-451A-9489-62359858F055}.Release|Any CPU.ActiveCfg = Release|Any CPU
		{C0ADD317-4B7E-451A-9489-62359858F055}.Release|Any CPU.Build.0 = Release|Any CPU
	EndGlobalSection
	GlobalSection(SolutionProperties) = preSolution
		HideSolutionNode = FALSE
	EndGlobalSection
	GlobalSection(ExtensibilityGlobals) = postSolution
		SolutionGuid = {AB1D7253-BD38-41BC-8DA3-3B02D5D76EA8}
	EndGlobalSection
EndGlobal
